
Microsoft Visual Studio Solution File, Format Version 12.00
# Visual Studio Version 16
VisualStudioVersion = 16.0.31005.135
MinimumVisualStudioVersion = 10.0.40219.1
Project("{FAE04EC0-301F-11D3-BF4B-00C04F79EFBC}") = "avtoriz", "avtoriz\avtoriz.csproj", "{43CA1A47-28EA-4EA8-8591-EEFECEFA7D4B}"
EndProject
Global
	GlobalSection(SolutionConfigurationPlatforms) = preSolution
		Debug|Any CPU = Debug|Any CPU
		Release|Any CPU = Release|Any CPU
	EndGlobalSection
	GlobalSection(ProjectConfigurationPlatforms) = postSolution
		{43CA1A47-28EA-4EA8-8591-EEFECEFA7D4B}.Debug|Any CPU.ActiveCfg = Debug|Any CPU
		{43CA1A47-28EA-4EA8-8591-EEFECEFA7D4B}.Debug|Any CPU.Build.0 = Debug|Any CPU
		{43CA1A47-28EA-4EA8-8591-EEFECEFA7D4B}.Release|Any CPU.ActiveCfg = Release|Any CPU
		{43CA1A47-28EA-4EA8-8591-EEFECEFA7D4B}.Release|Any CPU.Build.0 = Release|Any CPU
	EndGlobalSection
	GlobalSection(SolutionProperties) = preSolution
		HideSolutionNode = FALSE
	EndGlobalSection
	GlobalSection(ExtensibilityGlobals) = postSolution
		SolutionGuid = {98BBB84C-41C7-41AF-8DB7-CAD4C4DF65C0}
	EndGlobalSection
EndGlobal
